
Microsoft Visual Studio Solution File, Format Version 12.00
# Visual Studio Version 17
VisualStudioVersion = 17.2.32516.85
MinimumVisualStudioVersion = 10.0.40219.1
Project("{F2A71F9B-5D33-465A-A702-920D77279786}") = "ProjetoElevadorDoc", "ProjetoElevadorDoc.fsproj", "{1A52FD1F-3416-43DE-A7E3-66A5359ABF96}"
EndProject
Global
	GlobalSection(SolutionConfigurationPlatforms) = preSolution
		Debug|Any CPU = Debug|Any CPU
		Release|Any CPU = Release|Any CPU
	EndGlobalSection
	GlobalSection(ProjectConfigurationPlatforms) = postSolution
		{1A52FD1F-3416-43DE-A7E3-66A5359ABF96}.Debug|Any CPU.ActiveCfg = Debug|Any CPU
		{1A52FD1F-3416-43DE-A7E3-66A5359ABF96}.Debug|Any CPU.Build.0 = Debug|Any CPU
		{1A52FD1F-3416-43DE-A7E3-66A5359ABF96}.Release|Any CPU.ActiveCfg = Release|Any CPU
		{1A52FD1F-3416-43DE-A7E3-66A5359ABF96}.Release|Any CPU.Build.0 = Release|Any CPU
	EndGlobalSection
	GlobalSection(SolutionProperties) = preSolution
		HideSolutionNode = FALSE
	EndGlobalSection
	GlobalSection(ExtensibilityGlobals) = postSolution
		SolutionGuid = {CA4613C4-B067-403D-85DB-56F195C222EB}
	EndGlobalSection
EndGlobal
